
Microsoft Visual Studio Solution File, Format Version 12.00
# Visual Studio Version 16
VisualStudioVersion = 16.0.31112.23
MinimumVisualStudioVersion = 10.0.40219.1
Project("{9A19103F-16F7-4668-BE54-9A1E7A4F7556}") = "BlazorBookmarks", "BlazorBookmarks\BlazorBookmarks.csproj", "{461FEBF2-38D0-4063-A4BE-A99623FC9468}"
EndProject
Project("{FAE04EC0-301F-11D3-BF4B-00C04F79EFBC}") = "UnitTests", "UnitTests\UnitTests.csproj", "{7E0D90ED-357B-4EAB-9AC5-BA4A4BE09C4D}"
EndProject
Project("{FAE04EC0-301F-11D3-BF4B-00C04F79EFBC}") = "StateService", "State\StateService.csproj", "{5521FAF2-72E2-4E79-A4BD-180000BEFC12}"
EndProject
Global
	GlobalSection(SolutionConfigurationPlatforms) = preSolution
		Debug|Any CPU = Debug|Any CPU
		Release|Any CPU = Release|Any CPU
	EndGlobalSection
	GlobalSection(ProjectConfigurationPlatforms) = postSolution
		{461FEBF2-38D0-4063-A4BE-A99623FC9468}.Debug|Any CPU.ActiveCfg = Debug|Any CPU
		{461FEBF2-38D0-4063-A4BE-A99623FC9468}.Debug|Any CPU.Build.0 = Debug|Any CPU
		{461FEBF2-38D0-4063-A4BE-A99623FC9468}.Release|Any CPU.ActiveCfg = Release|Any CPU
		{461FEBF2-38D0-4063-A4BE-A99623FC9468}.Release|Any CPU.Build.0 = Release|Any CPU
		{7E0D90ED-357B-4EAB-9AC5-BA4A4BE09C4D}.Debug|Any CPU.ActiveCfg = Debug|Any CPU
		{7E0D90ED-357B-4EAB-9AC5-BA4A4BE09C4D}.Debug|Any CPU.Build.0 = Debug|Any CPU
		{7E0D90ED-357B-4EAB-9AC5-BA4A4BE09C4D}.Release|Any CPU.ActiveCfg = Release|Any CPU
		{7E0D90ED-357B-4EAB-9AC5-BA4A4BE09C4D}.Release|Any CPU.Build.0 = Release|Any CPU
		{5521FAF2-72E2-4E79-A4BD-180000BEFC12}.Debug|Any CPU.ActiveCfg = Debug|Any CPU
		{5521FAF2-72E2-4E79-A4BD-180000BEFC12}.Debug|Any CPU.Build.0 = Debug|Any CPU
		{5521FAF2-72E2-4E79-A4BD-180000BEFC12}.Release|Any CPU.ActiveCfg = Release|Any CPU
		{5521FAF2-72E2-4E79-A4BD-180000BEFC12}.Release|Any CPU.Build.0 = Release|Any CPU
	EndGlobalSection
	GlobalSection(SolutionProperties) = preSolution
		HideSolutionNode = FALSE
	EndGlobalSection
	GlobalSection(ExtensibilityGlobals) = postSolution
		SolutionGuid = {3C4A01A7-2161-4B6E-A995-89DB0098B393}
	EndGlobalSection
EndGlobal
